{
  "version": 4,
  "terraform_version": "0.14.10",
  "serial": 4,
  "lineage": "bb333e40-9eb4-0db1-3c5f-43a56727752f",
  "outputs": {},
  "resources": [
    {
      "mode": "managed",
      "type": "google_container_cluster",
      "name": "primary",
      "provider": "provider[\"registry.terraform.io/hashicorp/google\"]",
      "instances": [
        {
          "schema_version": 1,
          "attributes": {
            "addons_config": [
              {
                "cloudrun_config": [],
                "horizontal_pod_autoscaling": [],
                "http_load_balancing": [],
                "network_policy_config": [
                  {
                    "disabled": true
                  }
                ]
              }
            ],
            "authenticator_groups_config": [],
            "cluster_autoscaling": [
              {
                "auto_provisioning_defaults": [],
                "enabled": false,
                "resource_limits": []
              }
            ],
            "cluster_ipv4_cidr": "10.0.0.0/14",
            "database_encryption": [
              {
                "key_name": "",
                "state": "DECRYPTED"
              }
            ],
            "datapath_provider": "",
            "default_max_pods_per_node": null,
            "default_snat_status": [
              {
                "disabled": false
              }
            ],
            "description": "Demo GKE Cluster",
            "enable_autopilot": false,
            "enable_binary_authorization": false,
            "enable_intranode_visibility": false,
            "enable_kubernetes_alpha": false,
            "enable_legacy_abac": false,
            "enable_shielded_nodes": false,
            "enable_tpu": false,
            "endpoint": "34.67.211.128",
            "id": "projects/august-charter-317203/locations/us-central1/clusters/cluster-1",
            "initial_node_count": 1,
            "instance_group_urls": [],
            "ip_allocation_policy": [],
            "label_fingerprint": "a9dc16a7",
            "location": "us-central1",
            "logging_service": "logging.googleapis.com/kubernetes",
            "maintenance_policy": [],
            "master_auth": [
              {
                "client_certificate": "",
                "client_certificate_config": [
                  {
                    "issue_client_certificate": false
                  }
                ],
                "client_key": "",
                "cluster_ca_certificate": "LS0tLS1CRUdJTiBDRVJUSUZJQ0FURS0tLS0tCk1JSURLekNDQWhPZ0F3SUJBZ0lSQVBFa0dGZytrRlUyM0lmTGsvWGJoTzR3RFFZSktvWklodmNOQVFFTEJRQXcKTHpFdE1Dc0dBMVVFQXhNa05UUm1aVGN6TldRdFpEQTNNQzAwT1dGakxUazBaR0l0TkRSbE1XSTJPR1F5TkdWbQpNQjRYRFRJeE1EWXlNVEl5TkRRd05sb1hEVEkyTURZeU1ESXpORFF3Tmxvd0x6RXRNQ3NHQTFVRUF4TWtOVFJtClpUY3pOV1F0WkRBM01DMDBPV0ZqTFRrMFpHSXRORFJsTVdJMk9HUXlOR1ZtTUlJQklqQU5CZ2txaGtpRzl3MEIKQVFFRkFBT0NBUThBTUlJQkNnS0NBUUVBb2E0SU5iVFl1Qy9pQkwxVWIraUFLWTdXN0NpMEMram4yRk1lUWFnYgowd1lwR2VuQldlakpUZkc1WXczZndNTFNuSDFycFJ5TXJGWVE3MlNObFB3L09CZzl0ZHhidHNMN2dsREp4YkhnCktzajBRbERETkowcXhUamphdnRZK01ia3RBcHVuZ2FKWmdweE1idUNDMkhLaGMrTEVYRi9MQ1NnZ2h0UnlnZGUKT1FhT1h6VUl5cENYVHlSYlFiR25Ha2Z1YnFoaDVVL0tscC9RQ3VhRnFCMVUyODNPRmRWakhWOEJTOVlwRkxUaApSZ3dsVEF2blFNVmtsMU5yQy9tbjBmSUIrcjRTN0FONlNra2dnVndKY1ord29mZ0dlZ1ptQTBXbjNzL3BwZGZ0CmNtN05BbXFqY01ScmcvZXZXb1ZBaDZub1NkL09hWjRjZDRuazRScTMybjhxbFFJREFRQUJvMEl3UURBT0JnTlYKSFE4QkFmOEVCQU1DQWdRd0R3WURWUjBUQVFIL0JBVXdBd0VCL3pBZEJnTlZIUTRFRmdRVXhKMG9ucXQ0VUxJcQp1RXNuUTNremVsUG1BUmd3RFFZSktvWklodmNOQVFFTEJRQURnZ0VCQUhhT3MyWU80dHYzTVl4bmFxdUpCL1JPCmd6N3ZxNzEzN09DS2g4TjVxSWZpQytXZERaUHIycXg2REU2b2M3RDh0NVhpU2dOY3grMkpsVks4NFk2VXlhZG4KbUljL2EwOVhlWGIrQkc1NlZVQXQ4ZEdnWlpERDE2aTdYOUdGcW9YUWxxSzVRcnZFWGJkRXBnaVE4aitpalM0VgpYcFdLR1pKaDRIVFRqdFIycys4MWx3ekx6Vy9Qak9WdkVSdVQ4OGFlRzV6VEpSZXRhMjBoK2JuWmRmRWJPclhHCjgrbGhYYzNKeHh0b0N1RzZxQitpdFJodUN3YzBtaFZBekU1NU5Ga1JuS21XR1lZRHlrN1lsV1llckhrVUsxLzAKRGdJWmN1TFBzZFBEYXJWV3pjcGJjc3pXNytmaVBHcXMwNVFFRFJTcXlnT3pVMnVHMUFTMXhReXdOdzBHRStVPQotLS0tLUVORCBDRVJUSUZJQ0FURS0tLS0tCg==",
                "password": "",
                "username": ""
              }
            ],
            "master_authorized_networks_config": [],
            "master_version": "1.19.9-gke.1900",
            "min_master_version": null,
            "monitoring_service": "monitoring.googleapis.com/kubernetes",
            "name": "cluster-1",
            "network": "projects/august-charter-317203/global/networks/default",
            "network_policy": [
              {
                "enabled": false,
                "provider": "PROVIDER_UNSPECIFIED"
              }
            ],
            "networking_mode": "ROUTES",
            "node_config": [],
            "node_locations": [
              "us-central1-a",
              "us-central1-b",
              "us-central1-f"
            ],
            "node_pool": [],
            "node_version": "1.19.9-gke.1900",
            "operation": null,
            "pod_security_policy_config": [],
            "private_cluster_config": [],
            "private_ipv6_google_access": "",
            "project": "august-charter-317203",
            "release_channel": [
              {
                "channel": "REGULAR"
              }
            ],
            "remove_default_node_pool": true,
            "resource_labels": null,
            "resource_usage_export_config": [],
            "self_link": "https://container.googleapis.com/v1beta1/projects/august-charter-317203/locations/us-central1/clusters/cluster-1",
            "services_ipv4_cidr": "10.3.240.0/20",
            "subnetwork": "projects/august-charter-317203/regions/us-central1/subnetworks/default",
            "timeouts": null,
            "tpu_ipv4_cidr_block": "",
            "vertical_pod_autoscaling": [],
            "workload_identity_config": []
          },
          "sensitive_attributes": [],
          "private": "eyJlMmJmYjczMC1lY2FhLTExZTYtOGY4OC0zNDM2M2JjN2M0YzAiOnsiY3JlYXRlIjoyNDAwMDAwMDAwMDAwLCJkZWxldGUiOjI0MDAwMDAwMDAwMDAsInJlYWQiOjI0MDAwMDAwMDAwMDAsInVwZGF0ZSI6MzYwMDAwMDAwMDAwMH0sInNjaGVtYV92ZXJzaW9uIjoiMSJ9"
        }
      ]
    },
    {
      "mode": "managed",
      "type": "google_container_node_pool",
      "name": "primary_preemptible_node",
      "provider": "provider[\"registry.terraform.io/hashicorp/google\"]",
      "instances": [
        {
          "schema_version": 1,
          "attributes": {
            "autoscaling": [],
            "cluster": "cluster-1",
            "id": "projects/august-charter-317203/locations/us-central1/clusters/cluster-1/nodePools/node-1",
            "initial_node_count": 1,
            "instance_group_urls": [
              "https://www.googleapis.com/compute/v1/projects/august-charter-317203/zones/us-central1-b/instanceGroupManagers/gke-cluster-1-node-1-85853e3a-grp",
              "https://www.googleapis.com/compute/v1/projects/august-charter-317203/zones/us-central1-a/instanceGroupManagers/gke-cluster-1-node-1-7e84d4fb-grp",
              "https://www.googleapis.com/compute/v1/projects/august-charter-317203/zones/us-central1-f/instanceGroupManagers/gke-cluster-1-node-1-3f7ecdc3-grp"
            ],
            "location": "us-central1",
            "management": [
              {
                "auto_repair": true,
                "auto_upgrade": true
              }
            ],
            "max_pods_per_node": null,
            "name": "node-1",
            "name_prefix": "",
            "node_config": [
              {
                "disk_size_gb": 100,
                "disk_type": "pd-standard",
                "guest_accelerator": [],
                "image_type": "COS_CONTAINERD",
                "labels": {},
                "local_ssd_count": 0,
                "machine_type": "e2-medium",
                "metadata": {
                  "disable-legacy-endpoints": "true"
                },
                "min_cpu_platform": "",
                "oauth_scopes": [
                  "https://www.googleapis.com/auth/logging.write",
                  "https://www.googleapis.com/auth/monitoring"
                ],
                "preemptible": true,
                "service_account": "default",
                "shielded_instance_config": [
                  {
                    "enable_integrity_monitoring": true,
                    "enable_secure_boot": false
                  }
                ],
                "tags": null,
                "taint": [],
                "workload_metadata_config": []
              }
            ],
            "node_count": 1,
            "node_locations": [
              "us-central1-a",
              "us-central1-b",
              "us-central1-f"
            ],
            "operation": null,
            "project": "august-charter-317203",
            "timeouts": null,
            "upgrade_settings": [
              {
                "max_surge": 1,
                "max_unavailable": 0
              }
            ],
            "version": "1.19.9-gke.1900"
          },
          "sensitive_attributes": [],
          "private": "eyJlMmJmYjczMC1lY2FhLTExZTYtOGY4OC0zNDM2M2JjN2M0YzAiOnsiY3JlYXRlIjoxODAwMDAwMDAwMDAwLCJkZWxldGUiOjE4MDAwMDAwMDAwMDAsInVwZGF0ZSI6MTgwMDAwMDAwMDAwMH0sInNjaGVtYV92ZXJzaW9uIjoiMSJ9",
          "dependencies": [
            "google_container_cluster.primary"
          ]
        }
      ]
    }
  ]
}
